
Microsoft Visual Studio Solution File, Format Version 12.00
# Visual Studio Version 17
VisualStudioVersion = 17.11.35431.28
MinimumVisualStudioVersion = 10.0.40219.1
Project("{FAE04EC0-301F-11D3-BF4B-00C04F79EFBC}") = "vp assignment", "vp assignment\vp assignment.csproj", "{87229E35-B595-49F6-A815-A9EDE1A59CEE}"
EndProject
Global
	GlobalSection(SolutionConfigurationPlatforms) = preSolution
		Debug|Any CPU = Debug|Any CPU
		Release|Any CPU = Release|Any CPU
	EndGlobalSection
	GlobalSection(ProjectConfigurationPlatforms) = postSolution
		{87229E35-B595-49F6-A815-A9EDE1A59CEE}.Debug|Any CPU.ActiveCfg = Debug|Any CPU
		{87229E35-B595-49F6-A815-A9EDE1A59CEE}.Debug|Any CPU.Build.0 = Debug|Any CPU
		{87229E35-B595-49F6-A815-A9EDE1A59CEE}.Release|Any CPU.ActiveCfg = Release|Any CPU
		{87229E35-B595-49F6-A815-A9EDE1A59CEE}.Release|Any CPU.Build.0 = Release|Any CPU
	EndGlobalSection
	GlobalSection(SolutionProperties) = preSolution
		HideSolutionNode = FALSE
	EndGlobalSection
	GlobalSection(ExtensibilityGlobals) = postSolution
		SolutionGuid = {9BC2294C-1577-42D4-9CAE-2C3FC6290717}
	EndGlobalSection
EndGlobal
